{
  "pins" : [
    {
      "identity" : "swift-nio",
      "kind" : "remoteSourceControl",
      "location" : "https://github.com/apple/swift-nio",
      "state" : {
        "revision" : "124119f0bb12384cef35aa041d7c3a686108722d",
        "version" : "2.40.0"
      }
    },
    {
      "identity" : "xc-quiche",
      "kind" : "remoteSourceControl",
      "location" : "https://github.com/kennethlaskoski/xc-quiche.git",
      "state" : {
        "branch" : "main",
        "revision" : "589b29d31f2c042a02dcd139e7a55afc8210d258"
      }
    }
  ],
  "version" : 2
}
